
Microsoft Visual Studio Solution File, Format Version 12.00
# Visual Studio Version 17
VisualStudioVersion = 17.0.31903.59
MinimumVisualStudioVersion = 10.0.40219.1
Project("{2150E333-8FDC-42A3-9474-1A3956D46DE8}") = "src", "src", "{827E0CD3-B72D-47B6-A68D-7590B98EB39B}"
EndProject
Project("{FAE04EC0-301F-11D3-BF4B-00C04F79EFBC}") = "IntentSystem.Projection", "src\IntentSystem.Projection\IntentSystem.Projection.csproj", "{C36326A8-968A-480B-A415-B3FC41DE394E}"
EndProject
Project("{FAE04EC0-301F-11D3-BF4B-00C04F79EFBC}") = "IntentSystem.Clarify", "src\IntentSystem.Clarify\IntentSystem.Clarify.csproj", "{E48978A1-14B5-4F2E-9D3A-9A6B3A5AB7E9}"
EndProject
Project("{2150E333-8FDC-42A3-9474-1A3956D46DE8}") = "tests", "tests", "{0AB3BF05-4346-4AA6-1389-037BE0695223}"
EndProject
Project("{FAE04EC0-301F-11D3-BF4B-00C04F79EFBC}") = "IntentSystem.Projection.Tests", "tests\IntentSystem.Projection.Tests\IntentSystem.Projection.Tests.csproj", "{BF2E3975-59DF-4ADE-B6DB-0FD101706DE6}"
EndProject
Project("{FAE04EC0-301F-11D3-BF4B-00C04F79EFBC}") = "IntentSystem.Clarify.Tests", "tests\IntentSystem.Clarify.Tests\IntentSystem.Clarify.Tests.csproj", "{5ACAE31B-BEC3-4B89-B64C-E4544222A7CC}"
EndProject
Project("{FAE04EC0-301F-11D3-BF4B-00C04F79EFBC}") = "IntentSystem.Supervisor", "src\IntentSystem.Supervisor\IntentSystem.Supervisor.csproj", "{5CD7730B-DB0F-457E-A628-64AA7C35F295}"
EndProject
Project("{FAE04EC0-301F-11D3-BF4B-00C04F79EFBC}") = "IntentSystem.Supervisor.Tests", "tests\IntentSystem.Supervisor.Tests\IntentSystem.Supervisor.Tests.csproj", "{01886433-4D0F-43EE-B5AD-725971A7246A}"
EndProject
Project("{FAE04EC0-301F-11D3-BF4B-00C04F79EFBC}") = "IntentSystem.ConceptIntake", "src\IntentSystem.ConceptIntake\IntentSystem.ConceptIntake.csproj", "{FC649247-3EDA-4424-9970-C9A12B7145AA}"
EndProject
Project("{FAE04EC0-301F-11D3-BF4B-00C04F79EFBC}") = "IntentSystem.ConceptIntake.Tests", "tests\IntentSystem.ConceptIntake.Tests\IntentSystem.ConceptIntake.Tests.csproj", "{A4C57522-768A-4633-905E-E8639FCE3DB7}"
EndProject
Project("{FAE04EC0-301F-11D3-BF4B-00C04F79EFBC}") = "IntentSystem.Workflow", "src\IntentSystem.Workflow\IntentSystem.Workflow.csproj", "{2B897DC6-7EF6-4BAF-9F6B-EC461DE4202A}"
EndProject
Project("{FAE04EC0-301F-11D3-BF4B-00C04F79EFBC}") = "IntentSystem.Workflow.Tests", "tests\IntentSystem.Workflow.Tests\IntentSystem.Workflow.Tests.csproj", "{B47E861C-B315-40FD-B0C6-29B7D46E8B0F}"
EndProject
Project("{FAE04EC0-301F-11D3-BF4B-00C04F79EFBC}") = "IntentSystem.WorkerAdapter", "src\IntentSystem.WorkerAdapter\IntentSystem.WorkerAdapter.csproj", "{A0D0CD8C-C11C-41A6-92AE-E6A24227B888}"
EndProject
Project("{FAE04EC0-301F-11D3-BF4B-00C04F79EFBC}") = "IntentSystem.WorkerAdapter.Tests", "tests\IntentSystem.WorkerAdapter.Tests\IntentSystem.WorkerAdapter.Tests.csproj", "{4F40F997-2074-443F-909D-2FCB95C397EB}"
EndProject
Project("{FAE04EC0-301F-11D3-BF4B-00C04F79EFBC}") = "IntentSystem.DomainBinding", "src\IntentSystem.DomainBinding\IntentSystem.DomainBinding.csproj", "{ACE927FA-9305-4C00-86EF-4EDD15B3DC0A}"
EndProject
Project("{FAE04EC0-301F-11D3-BF4B-00C04F79EFBC}") = "IntentSystem.DomainBinding.Tests", "tests\IntentSystem.DomainBinding.Tests\IntentSystem.DomainBinding.Tests.csproj", "{1851D6F9-09DE-449A-8496-73E38D702221}"
EndProject
Project("{FAE04EC0-301F-11D3-BF4B-00C04F79EFBC}") = "IntentSystem.DogfoodingBridge", "src\IntentSystem.DogfoodingBridge\IntentSystem.DogfoodingBridge.csproj", "{C4A7AEE7-A61A-4CF5-80E9-A5F5CC1A409D}"
EndProject
Project("{FAE04EC0-301F-11D3-BF4B-00C04F79EFBC}") = "IntentSystem.DogfoodingBridge.Tests", "tests\IntentSystem.DogfoodingBridge.Tests\IntentSystem.DogfoodingBridge.Tests.csproj", "{D3FDBB21-3052-4BAF-8C9E-B5EB97D0D1C2}"
EndProject
Project("{FAE04EC0-301F-11D3-BF4B-00C04F79EFBC}") = "IntentSystem.Cli", "src\IntentSystem.Cli\IntentSystem.Cli.csproj", "{9AD40929-F189-4449-BFD4-09781C4D2553}"
EndProject
Project("{FAE04EC0-301F-11D3-BF4B-00C04F79EFBC}") = "IntentSystem.Cli.Tests", "tests\IntentSystem.Cli.Tests\IntentSystem.Cli.Tests.csproj", "{4E3D1DC5-2161-4891-BF71-CEFE7D9FB7BE}"
EndProject
Project("{FAE04EC0-301F-11D3-BF4B-00C04F79EFBC}") = "IntentSystem.Review", "src\IntentSystem.Review\IntentSystem.Review.csproj", "{5265DBF3-83B9-4FE1-BB7E-4E4C8DB8E3C0}"
EndProject
Project("{FAE04EC0-301F-11D3-BF4B-00C04F79EFBC}") = "IntentSystem.Review.Tests", "tests\IntentSystem.Review.Tests\IntentSystem.Review.Tests.csproj", "{14A1BA72-3E55-4CBE-9637-55E11DF6B376}"
EndProject
Global
	GlobalSection(SolutionConfigurationPlatforms) = preSolution
		Debug|Any CPU = Debug|Any CPU
		Debug|x64 = Debug|x64
		Debug|x86 = Debug|x86
		Release|Any CPU = Release|Any CPU
		Release|x64 = Release|x64
		Release|x86 = Release|x86
	EndGlobalSection
	GlobalSection(ProjectConfigurationPlatforms) = postSolution
		{C36326A8-968A-480B-A415-B3FC41DE394E}.Debug|Any CPU.ActiveCfg = Debug|Any CPU
		{C36326A8-968A-480B-A415-B3FC41DE394E}.Debug|Any CPU.Build.0 = Debug|Any CPU
		{C36326A8-968A-480B-A415-B3FC41DE394E}.Debug|x64.ActiveCfg = Debug|Any CPU
		{C36326A8-968A-480B-A415-B3FC41DE394E}.Debug|x64.Build.0 = Debug|Any CPU
		{C36326A8-968A-480B-A415-B3FC41DE394E}.Debug|x86.ActiveCfg = Debug|Any CPU
		{C36326A8-968A-480B-A415-B3FC41DE394E}.Debug|x86.Build.0 = Debug|Any CPU
		{C36326A8-968A-480B-A415-B3FC41DE394E}.Release|Any CPU.ActiveCfg = Release|Any CPU
		{C36326A8-968A-480B-A415-B3FC41DE394E}.Release|Any CPU.Build.0 = Release|Any CPU
		{C36326A8-968A-480B-A415-B3FC41DE394E}.Release|x64.ActiveCfg = Release|Any CPU
		{C36326A8-968A-480B-A415-B3FC41DE394E}.Release|x64.Build.0 = Release|Any CPU
		{C36326A8-968A-480B-A415-B3FC41DE394E}.Release|x86.ActiveCfg = Release|Any CPU
		{C36326A8-968A-480B-A415-B3FC41DE394E}.Release|x86.Build.0 = Release|Any CPU
		{E48978A1-14B5-4F2E-9D3A-9A6B3A5AB7E9}.Debug|Any CPU.ActiveCfg = Debug|Any CPU
		{E48978A1-14B5-4F2E-9D3A-9A6B3A5AB7E9}.Debug|Any CPU.Build.0 = Debug|Any CPU
		{E48978A1-14B5-4F2E-9D3A-9A6B3A5AB7E9}.Debug|x64.ActiveCfg = Debug|Any CPU
		{E48978A1-14B5-4F2E-9D3A-9A6B3A5AB7E9}.Debug|x64.Build.0 = Debug|Any CPU
		{E48978A1-14B5-4F2E-9D3A-9A6B3A5AB7E9}.Debug|x86.ActiveCfg = Debug|Any CPU
		{E48978A1-14B5-4F2E-9D3A-9A6B3A5AB7E9}.Debug|x86.Build.0 = Debug|Any CPU
		{E48978A1-14B5-4F2E-9D3A-9A6B3A5AB7E9}.Release|Any CPU.ActiveCfg = Release|Any CPU
		{E48978A1-14B5-4F2E-9D3A-9A6B3A5AB7E9}.Release|Any CPU.Build.0 = Release|Any CPU
		{E48978A1-14B5-4F2E-9D3A-9A6B3A5AB7E9}.Release|x64.ActiveCfg = Release|Any CPU
		{E48978A1-14B5-4F2E-9D3A-9A6B3A5AB7E9}.Release|x64.Build.0 = Release|Any CPU
		{E48978A1-14B5-4F2E-9D3A-9A6B3A5AB7E9}.Release|x86.ActiveCfg = Release|Any CPU
		{E48978A1-14B5-4F2E-9D3A-9A6B3A5AB7E9}.Release|x86.Build.0 = Release|Any CPU
		{BF2E3975-59DF-4ADE-B6DB-0FD101706DE6}.Debug|Any CPU.ActiveCfg = Debug|Any CPU
		{BF2E3975-59DF-4ADE-B6DB-0FD101706DE6}.Debug|Any CPU.Build.0 = Debug|Any CPU
		{BF2E3975-59DF-4ADE-B6DB-0FD101706DE6}.Debug|x64.ActiveCfg = Debug|Any CPU
		{BF2E3975-59DF-4ADE-B6DB-0FD101706DE6}.Debug|x64.Build.0 = Debug|Any CPU
		{BF2E3975-59DF-4ADE-B6DB-0FD101706DE6}.Debug|x86.ActiveCfg = Debug|Any CPU
		{BF2E3975-59DF-4ADE-B6DB-0FD101706DE6}.Debug|x86.Build.0 = Debug|Any CPU
		{BF2E3975-59DF-4ADE-B6DB-0FD101706DE6}.Release|Any CPU.ActiveCfg = Release|Any CPU
		{BF2E3975-59DF-4ADE-B6DB-0FD101706DE6}.Release|Any CPU.Build.0 = Release|Any CPU
		{BF2E3975-59DF-4ADE-B6DB-0FD101706DE6}.Release|x64.ActiveCfg = Release|Any CPU
		{BF2E3975-59DF-4ADE-B6DB-0FD101706DE6}.Release|x64.Build.0 = Release|Any CPU
		{BF2E3975-59DF-4ADE-B6DB-0FD101706DE6}.Release|x86.ActiveCfg = Release|Any CPU
		{BF2E3975-59DF-4ADE-B6DB-0FD101706DE6}.Release|x86.Build.0 = Release|Any CPU
		{5ACAE31B-BEC3-4B89-B64C-E4544222A7CC}.Debug|Any CPU.ActiveCfg = Debug|Any CPU
		{5ACAE31B-BEC3-4B89-B64C-E4544222A7CC}.Debug|Any CPU.Build.0 = Debug|Any CPU
		{5ACAE31B-BEC3-4B89-B64C-E4544222A7CC}.Debug|x64.ActiveCfg = Debug|Any CPU
		{5ACAE31B-BEC3-4B89-B64C-E4544222A7CC}.Debug|x64.Build.0 = Debug|Any CPU
		{5ACAE31B-BEC3-4B89-B64C-E4544222A7CC}.Debug|x86.ActiveCfg = Debug|Any CPU
		{5ACAE31B-BEC3-4B89-B64C-E4544222A7CC}.Debug|x86.Build.0 = Debug|Any CPU
		{5ACAE31B-BEC3-4B89-B64C-E4544222A7CC}.Release|Any CPU.ActiveCfg = Release|Any CPU
		{5ACAE31B-BEC3-4B89-B64C-E4544222A7CC}.Release|Any CPU.Build.0 = Release|Any CPU
		{5ACAE31B-BEC3-4B89-B64C-E4544222A7CC}.Release|x64.ActiveCfg = Release|Any CPU
		{5ACAE31B-BEC3-4B89-B64C-E4544222A7CC}.Release|x64.Build.0 = Release|Any CPU
		{5ACAE31B-BEC3-4B89-B64C-E4544222A7CC}.Release|x86.ActiveCfg = Release|Any CPU
		{5ACAE31B-BEC3-4B89-B64C-E4544222A7CC}.Release|x86.Build.0 = Release|Any CPU
		{5CD7730B-DB0F-457E-A628-64AA7C35F295}.Debug|Any CPU.ActiveCfg = Debug|Any CPU
		{5CD7730B-DB0F-457E-A628-64AA7C35F295}.Debug|Any CPU.Build.0 = Debug|Any CPU
		{5CD7730B-DB0F-457E-A628-64AA7C35F295}.Debug|x64.ActiveCfg = Debug|Any CPU
		{5CD7730B-DB0F-457E-A628-64AA7C35F295}.Debug|x64.Build.0 = Debug|Any CPU
		{5CD7730B-DB0F-457E-A628-64AA7C35F295}.Debug|x86.ActiveCfg = Debug|Any CPU
		{5CD7730B-DB0F-457E-A628-64AA7C35F295}.Debug|x86.Build.0 = Debug|Any CPU
		{5CD7730B-DB0F-457E-A628-64AA7C35F295}.Release|Any CPU.ActiveCfg = Release|Any CPU
		{5CD7730B-DB0F-457E-A628-64AA7C35F295}.Release|Any CPU.Build.0 = Release|Any CPU
		{5CD7730B-DB0F-457E-A628-64AA7C35F295}.Release|x64.ActiveCfg = Release|Any CPU
		{5CD7730B-DB0F-457E-A628-64AA7C35F295}.Release|x64.Build.0 = Release|Any CPU
		{5CD7730B-DB0F-457E-A628-64AA7C35F295}.Release|x86.ActiveCfg = Release|Any CPU
		{5CD7730B-DB0F-457E-A628-64AA7C35F295}.Release|x86.Build.0 = Release|Any CPU
		{01886433-4D0F-43EE-B5AD-725971A7246A}.Debug|Any CPU.ActiveCfg = Debug|Any CPU
		{01886433-4D0F-43EE-B5AD-725971A7246A}.Debug|Any CPU.Build.0 = Debug|Any CPU
		{01886433-4D0F-43EE-B5AD-725971A7246A}.Debug|x64.ActiveCfg = Debug|Any CPU
		{01886433-4D0F-43EE-B5AD-725971A7246A}.Debug|x64.Build.0 = Debug|Any CPU
		{01886433-4D0F-43EE-B5AD-725971A7246A}.Debug|x86.ActiveCfg = Debug|Any CPU
		{01886433-4D0F-43EE-B5AD-725971A7246A}.Debug|x86.Build.0 = Debug|Any CPU
		{01886433-4D0F-43EE-B5AD-725971A7246A}.Release|Any CPU.ActiveCfg = Release|Any CPU
		{01886433-4D0F-43EE-B5AD-725971A7246A}.Release|Any CPU.Build.0 = Release|Any CPU
		{01886433-4D0F-43EE-B5AD-725971A7246A}.Release|x64.ActiveCfg = Release|Any CPU
		{01886433-4D0F-43EE-B5AD-725971A7246A}.Release|x64.Build.0 = Release|Any CPU
		{01886433-4D0F-43EE-B5AD-725971A7246A}.Release|x86.ActiveCfg = Release|Any CPU
		{01886433-4D0F-43EE-B5AD-725971A7246A}.Release|x86.Build.0 = Release|Any CPU
		{FC649247-3EDA-4424-9970-C9A12B7145AA}.Debug|Any CPU.ActiveCfg = Debug|Any CPU
		{FC649247-3EDA-4424-9970-C9A12B7145AA}.Debug|Any CPU.Build.0 = Debug|Any CPU
		{FC649247-3EDA-4424-9970-C9A12B7145AA}.Debug|x64.ActiveCfg = Debug|Any CPU
		{FC649247-3EDA-4424-9970-C9A12B7145AA}.Debug|x64.Build.0 = Debug|Any CPU
		{FC649247-3EDA-4424-9970-C9A12B7145AA}.Debug|x86.ActiveCfg = Debug|Any CPU
		{FC649247-3EDA-4424-9970-C9A12B7145AA}.Debug|x86.Build.0 = Debug|Any CPU
		{FC649247-3EDA-4424-9970-C9A12B7145AA}.Release|Any CPU.ActiveCfg = Release|Any CPU
		{FC649247-3EDA-4424-9970-C9A12B7145AA}.Release|Any CPU.Build.0 = Release|Any CPU
		{FC649247-3EDA-4424-9970-C9A12B7145AA}.Release|x64.ActiveCfg = Release|Any CPU
		{FC649247-3EDA-4424-9970-C9A12B7145AA}.Release|x64.Build.0 = Release|Any CPU
		{FC649247-3EDA-4424-9970-C9A12B7145AA}.Release|x86.ActiveCfg = Release|Any CPU
		{FC649247-3EDA-4424-9970-C9A12B7145AA}.Release|x86.Build.0 = Release|Any CPU
		{A4C57522-768A-4633-905E-E8639FCE3DB7}.Debug|Any CPU.ActiveCfg = Debug|Any CPU
		{A4C57522-768A-4633-905E-E8639FCE3DB7}.Debug|Any CPU.Build.0 = Debug|Any CPU
		{A4C57522-768A-4633-905E-E8639FCE3DB7}.Debug|x64.ActiveCfg = Debug|Any CPU
		{A4C57522-768A-4633-905E-E8639FCE3DB7}.Debug|x64.Build.0 = Debug|Any CPU
		{A4C57522-768A-4633-905E-E8639FCE3DB7}.Debug|x86.ActiveCfg = Debug|Any CPU
		{A4C57522-768A-4633-905E-E8639FCE3DB7}.Debug|x86.Build.0 = Debug|Any CPU
		{A4C57522-768A-4633-905E-E8639FCE3DB7}.Release|Any CPU.ActiveCfg = Release|Any CPU
		{A4C57522-768A-4633-905E-E8639FCE3DB7}.Release|Any CPU.Build.0 = Release|Any CPU
		{A4C57522-768A-4633-905E-E8639FCE3DB7}.Release|x64.ActiveCfg = Release|Any CPU
		{A4C57522-768A-4633-905E-E8639FCE3DB7}.Release|x64.Build.0 = Release|Any CPU
		{A4C57522-768A-4633-905E-E8639FCE3DB7}.Release|x86.ActiveCfg = Release|Any CPU
		{A4C57522-768A-4633-905E-E8639FCE3DB7}.Release|x86.Build.0 = Release|Any CPU
		{2B897DC6-7EF6-4BAF-9F6B-EC461DE4202A}.Debug|Any CPU.ActiveCfg = Debug|Any CPU
		{2B897DC6-7EF6-4BAF-9F6B-EC461DE4202A}.Debug|Any CPU.Build.0 = Debug|Any CPU
		{2B897DC6-7EF6-4BAF-9F6B-EC461DE4202A}.Debug|x64.ActiveCfg = Debug|Any CPU
		{2B897DC6-7EF6-4BAF-9F6B-EC461DE4202A}.Debug|x64.Build.0 = Debug|Any CPU
		{2B897DC6-7EF6-4BAF-9F6B-EC461DE4202A}.Debug|x86.ActiveCfg = Debug|Any CPU
		{2B897DC6-7EF6-4BAF-9F6B-EC461DE4202A}.Debug|x86.Build.0 = Debug|Any CPU
		{2B897DC6-7EF6-4BAF-9F6B-EC461DE4202A}.Release|Any CPU.ActiveCfg = Release|Any CPU
		{2B897DC6-7EF6-4BAF-9F6B-EC461DE4202A}.Release|Any CPU.Build.0 = Release|Any CPU
		{2B897DC6-7EF6-4BAF-9F6B-EC461DE4202A}.Release|x64.ActiveCfg = Release|Any CPU
		{2B897DC6-7EF6-4BAF-9F6B-EC461DE4202A}.Release|x64.Build.0 = Release|Any CPU
		{2B897DC6-7EF6-4BAF-9F6B-EC461DE4202A}.Release|x86.ActiveCfg = Release|Any CPU
		{2B897DC6-7EF6-4BAF-9F6B-EC461DE4202A}.Release|x86.Build.0 = Release|Any CPU
		{B47E861C-B315-40FD-B0C6-29B7D46E8B0F}.Debug|Any CPU.ActiveCfg = Debug|Any CPU
		{B47E861C-B315-40FD-B0C6-29B7D46E8B0F}.Debug|Any CPU.Build.0 = Debug|Any CPU
		{B47E861C-B315-40FD-B0C6-29B7D46E8B0F}.Debug|x64.ActiveCfg = Debug|Any CPU
		{B47E861C-B315-40FD-B0C6-29B7D46E8B0F}.Debug|x64.Build.0 = Debug|Any CPU
		{B47E861C-B315-40FD-B0C6-29B7D46E8B0F}.Debug|x86.ActiveCfg = Debug|Any CPU
		{B47E861C-B315-40FD-B0C6-29B7D46E8B0F}.Debug|x86.Build.0 = Debug|Any CPU
		{B47E861C-B315-40FD-B0C6-29B7D46E8B0F}.Release|Any CPU.ActiveCfg = Release|Any CPU
		{B47E861C-B315-40FD-B0C6-29B7D46E8B0F}.Release|Any CPU.Build.0 = Release|Any CPU
		{B47E861C-B315-40FD-B0C6-29B7D46E8B0F}.Release|x64.ActiveCfg = Release|Any CPU
		{B47E861C-B315-40FD-B0C6-29B7D46E8B0F}.Release|x64.Build.0 = Release|Any CPU
		{B47E861C-B315-40FD-B0C6-29B7D46E8B0F}.Release|x86.ActiveCfg = Release|Any CPU
		{B47E861C-B315-40FD-B0C6-29B7D46E8B0F}.Release|x86.Build.0 = Release|Any CPU
		{A0D0CD8C-C11C-41A6-92AE-E6A24227B888}.Debug|Any CPU.ActiveCfg = Debug|Any CPU
		{A0D0CD8C-C11C-41A6-92AE-E6A24227B888}.Debug|Any CPU.Build.0 = Debug|Any CPU
		{A0D0CD8C-C11C-41A6-92AE-E6A24227B888}.Debug|x64.ActiveCfg = Debug|Any CPU
		{A0D0CD8C-C11C-41A6-92AE-E6A24227B888}.Debug|x64.Build.0 = Debug|Any CPU
		{A0D0CD8C-C11C-41A6-92AE-E6A24227B888}.Debug|x86.ActiveCfg = Debug|Any CPU
		{A0D0CD8C-C11C-41A6-92AE-E6A24227B888}.Debug|x86.Build.0 = Debug|Any CPU
		{A0D0CD8C-C11C-41A6-92AE-E6A24227B888}.Release|Any CPU.ActiveCfg = Release|Any CPU
		{A0D0CD8C-C11C-41A6-92AE-E6A24227B888}.Release|Any CPU.Build.0 = Release|Any CPU
		{A0D0CD8C-C11C-41A6-92AE-E6A24227B888}.Release|x64.ActiveCfg = Release|Any CPU
		{A0D0CD8C-C11C-41A6-92AE-E6A24227B888}.Release|x64.Build.0 = Release|Any CPU
		{A0D0CD8C-C11C-41A6-92AE-E6A24227B888}.Release|x86.ActiveCfg = Release|Any CPU
		{A0D0CD8C-C11C-41A6-92AE-E6A24227B888}.Release|x86.Build.0 = Release|Any CPU
		{4F40F997-2074-443F-909D-2FCB95C397EB}.Debug|Any CPU.ActiveCfg = Debug|Any CPU
		{4F40F997-2074-443F-909D-2FCB95C397EB}.Debug|Any CPU.Build.0 = Debug|Any CPU
		{4F40F997-2074-443F-909D-2FCB95C397EB}.Debug|x64.ActiveCfg = Debug|Any CPU
		{4F40F997-2074-443F-909D-2FCB95C397EB}.Debug|x64.Build.0 = Debug|Any CPU
		{4F40F997-2074-443F-909D-2FCB95C397EB}.Debug|x86.ActiveCfg = Debug|Any CPU
		{4F40F997-2074-443F-909D-2FCB95C397EB}.Debug|x86.Build.0 = Debug|Any CPU
		{4F40F997-2074-443F-909D-2FCB95C397EB}.Release|Any CPU.ActiveCfg = Release|Any CPU
		{4F40F997-2074-443F-909D-2FCB95C397EB}.Release|Any CPU.Build.0 = Release|Any CPU
		{4F40F997-2074-443F-909D-2FCB95C397EB}.Release|x64.ActiveCfg = Release|Any CPU
		{4F40F997-2074-443F-909D-2FCB95C397EB}.Release|x64.Build.0 = Release|Any CPU
		{4F40F997-2074-443F-909D-2FCB95C397EB}.Release|x86.ActiveCfg = Release|Any CPU
		{4F40F997-2074-443F-909D-2FCB95C397EB}.Release|x86.Build.0 = Release|Any CPU
		{ACE927FA-9305-4C00-86EF-4EDD15B3DC0A}.Debug|Any CPU.ActiveCfg = Debug|Any CPU
		{ACE927FA-9305-4C00-86EF-4EDD15B3DC0A}.Debug|Any CPU.Build.0 = Debug|Any CPU
		{ACE927FA-9305-4C00-86EF-4EDD15B3DC0A}.Debug|x64.ActiveCfg = Debug|Any CPU
		{ACE927FA-9305-4C00-86EF-4EDD15B3DC0A}.Debug|x64.Build.0 = Debug|Any CPU
		{ACE927FA-9305-4C00-86EF-4EDD15B3DC0A}.Debug|x86.ActiveCfg = Debug|Any CPU
		{ACE927FA-9305-4C00-86EF-4EDD15B3DC0A}.Debug|x86.Build.0 = Debug|Any CPU
		{ACE927FA-9305-4C00-86EF-4EDD15B3DC0A}.Release|Any CPU.ActiveCfg = Release|Any CPU
		{ACE927FA-9305-4C00-86EF-4EDD15B3DC0A}.Release|Any CPU.Build.0 = Release|Any CPU
		{ACE927FA-9305-4C00-86EF-4EDD15B3DC0A}.Release|x64.ActiveCfg = Release|Any CPU
		{ACE927FA-9305-4C00-86EF-4EDD15B3DC0A}.Release|x64.Build.0 = Release|Any CPU
		{ACE927FA-9305-4C00-86EF-4EDD15B3DC0A}.Release|x86.ActiveCfg = Release|Any CPU
		{ACE927FA-9305-4C00-86EF-4EDD15B3DC0A}.Release|x86.Build.0 = Release|Any CPU
		{1851D6F9-09DE-449A-8496-73E38D702221}.Debug|Any CPU.ActiveCfg = Debug|Any CPU
		{1851D6F9-09DE-449A-8496-73E38D702221}.Debug|Any CPU.Build.0 = Debug|Any CPU
		{1851D6F9-09DE-449A-8496-73E38D702221}.Debug|x64.ActiveCfg = Debug|Any CPU
		{1851D6F9-09DE-449A-8496-73E38D702221}.Debug|x64.Build.0 = Debug|Any CPU
		{1851D6F9-09DE-449A-8496-73E38D702221}.Debug|x86.ActiveCfg = Debug|Any CPU
		{1851D6F9-09DE-449A-8496-73E38D702221}.Debug|x86.Build.0 = Debug|Any CPU
		{1851D6F9-09DE-449A-8496-73E38D702221}.Release|Any CPU.ActiveCfg = Release|Any CPU
		{1851D6F9-09DE-449A-8496-73E38D702221}.Release|Any CPU.Build.0 = Release|Any CPU
		{1851D6F9-09DE-449A-8496-73E38D702221}.Release|x64.ActiveCfg = Release|Any CPU
		{1851D6F9-09DE-449A-8496-73E38D702221}.Release|x64.Build.0 = Release|Any CPU
		{1851D6F9-09DE-449A-8496-73E38D702221}.Release|x86.ActiveCfg = Release|Any CPU
		{1851D6F9-09DE-449A-8496-73E38D702221}.Release|x86.Build.0 = Release|Any CPU
		{C4A7AEE7-A61A-4CF5-80E9-A5F5CC1A409D}.Debug|Any CPU.ActiveCfg = Debug|Any CPU
		{C4A7AEE7-A61A-4CF5-80E9-A5F5CC1A409D}.Debug|Any CPU.Build.0 = Debug|Any CPU
		{C4A7AEE7-A61A-4CF5-80E9-A5F5CC1A409D}.Debug|x64.ActiveCfg = Debug|Any CPU
		{C4A7AEE7-A61A-4CF5-80E9-A5F5CC1A409D}.Debug|x64.Build.0 = Debug|Any CPU
		{C4A7AEE7-A61A-4CF5-80E9-A5F5CC1A409D}.Debug|x86.ActiveCfg = Debug|Any CPU
		{C4A7AEE7-A61A-4CF5-80E9-A5F5CC1A409D}.Debug|x86.Build.0 = Debug|Any CPU
		{C4A7AEE7-A61A-4CF5-80E9-A5F5CC1A409D}.Release|Any CPU.ActiveCfg = Release|Any CPU
		{C4A7AEE7-A61A-4CF5-80E9-A5F5CC1A409D}.Release|Any CPU.Build.0 = Release|Any CPU
		{C4A7AEE7-A61A-4CF5-80E9-A5F5CC1A409D}.Release|x64.ActiveCfg = Release|Any CPU
		{C4A7AEE7-A61A-4CF5-80E9-A5F5CC1A409D}.Release|x64.Build.0 = Release|Any CPU
		{C4A7AEE7-A61A-4CF5-80E9-A5F5CC1A409D}.Release|x86.ActiveCfg = Release|Any CPU
		{C4A7AEE7-A61A-4CF5-80E9-A5F5CC1A409D}.Release|x86.Build.0 = Release|Any CPU
		{D3FDBB21-3052-4BAF-8C9E-B5EB97D0D1C2}.Debug|Any CPU.ActiveCfg = Debug|Any CPU
		{D3FDBB21-3052-4BAF-8C9E-B5EB97D0D1C2}.Debug|Any CPU.Build.0 = Debug|Any CPU
		{D3FDBB21-3052-4BAF-8C9E-B5EB97D0D1C2}.Debug|x64.ActiveCfg = Debug|Any CPU
		{D3FDBB21-3052-4BAF-8C9E-B5EB97D0D1C2}.Debug|x64.Build.0 = Debug|Any CPU
		{D3FDBB21-3052-4BAF-8C9E-B5EB97D0D1C2}.Debug|x86.ActiveCfg = Debug|Any CPU
		{D3FDBB21-3052-4BAF-8C9E-B5EB97D0D1C2}.Debug|x86.Build.0 = Debug|Any CPU
		{D3FDBB21-3052-4BAF-8C9E-B5EB97D0D1C2}.Release|Any CPU.ActiveCfg = Release|Any CPU
		{D3FDBB21-3052-4BAF-8C9E-B5EB97D0D1C2}.Release|Any CPU.Build.0 = Release|Any CPU
		{D3FDBB21-3052-4BAF-8C9E-B5EB97D0D1C2}.Release|x64.ActiveCfg = Release|Any CPU
		{D3FDBB21-3052-4BAF-8C9E-B5EB97D0D1C2}.Release|x64.Build.0 = Release|Any CPU
		{D3FDBB21-3052-4BAF-8C9E-B5EB97D0D1C2}.Release|x86.ActiveCfg = Release|Any CPU
		{D3FDBB21-3052-4BAF-8C9E-B5EB97D0D1C2}.Release|x86.Build.0 = Release|Any CPU
		{9AD40929-F189-4449-BFD4-09781C4D2553}.Debug|Any CPU.ActiveCfg = Debug|Any CPU
		{9AD40929-F189-4449-BFD4-09781C4D2553}.Debug|Any CPU.Build.0 = Debug|Any CPU
		{9AD40929-F189-4449-BFD4-09781C4D2553}.Debug|x64.ActiveCfg = Debug|Any CPU
		{9AD40929-F189-4449-BFD4-09781C4D2553}.Debug|x64.Build.0 = Debug|Any CPU
		{9AD40929-F189-4449-BFD4-09781C4D2553}.Debug|x86.ActiveCfg = Debug|Any CPU
		{9AD40929-F189-4449-BFD4-09781C4D2553}.Debug|x86.Build.0 = Debug|Any CPU
		{9AD40929-F189-4449-BFD4-09781C4D2553}.Release|Any CPU.ActiveCfg = Release|Any CPU
		{9AD40929-F189-4449-BFD4-09781C4D2553}.Release|Any CPU.Build.0 = Release|Any CPU
		{9AD40929-F189-4449-BFD4-09781C4D2553}.Release|x64.ActiveCfg = Release|Any CPU
		{9AD40929-F189-4449-BFD4-09781C4D2553}.Release|x64.Build.0 = Release|Any CPU
		{9AD40929-F189-4449-BFD4-09781C4D2553}.Release|x86.ActiveCfg = Release|Any CPU
		{9AD40929-F189-4449-BFD4-09781C4D2553}.Release|x86.Build.0 = Release|Any CPU
		{4E3D1DC5-2161-4891-BF71-CEFE7D9FB7BE}.Debug|Any CPU.ActiveCfg = Debug|Any CPU
		{4E3D1DC5-2161-4891-BF71-CEFE7D9FB7BE}.Debug|Any CPU.Build.0 = Debug|Any CPU
		{4E3D1DC5-2161-4891-BF71-CEFE7D9FB7BE}.Debug|x64.ActiveCfg = Debug|Any CPU
		{4E3D1DC5-2161-4891-BF71-CEFE7D9FB7BE}.Debug|x64.Build.0 = Debug|Any CPU
		{4E3D1DC5-2161-4891-BF71-CEFE7D9FB7BE}.Debug|x86.ActiveCfg = Debug|Any CPU
		{4E3D1DC5-2161-4891-BF71-CEFE7D9FB7BE}.Debug|x86.Build.0 = Debug|Any CPU
		{4E3D1DC5-2161-4891-BF71-CEFE7D9FB7BE}.Release|Any CPU.ActiveCfg = Release|Any CPU
		{4E3D1DC5-2161-4891-BF71-CEFE7D9FB7BE}.Release|Any CPU.Build.0 = Release|Any CPU
		{4E3D1DC5-2161-4891-BF71-CEFE7D9FB7BE}.Release|x64.ActiveCfg = Release|Any CPU
		{4E3D1DC5-2161-4891-BF71-CEFE7D9FB7BE}.Release|x64.Build.0 = Release|Any CPU
		{4E3D1DC5-2161-4891-BF71-CEFE7D9FB7BE}.Release|x86.ActiveCfg = Release|Any CPU
		{4E3D1DC5-2161-4891-BF71-CEFE7D9FB7BE}.Release|x86.Build.0 = Release|Any CPU
		{5265DBF3-83B9-4FE1-BB7E-4E4C8DB8E3C0}.Debug|Any CPU.ActiveCfg = Debug|Any CPU
		{5265DBF3-83B9-4FE1-BB7E-4E4C8DB8E3C0}.Debug|Any CPU.Build.0 = Debug|Any CPU
		{5265DBF3-83B9-4FE1-BB7E-4E4C8DB8E3C0}.Debug|x64.ActiveCfg = Debug|Any CPU
		{5265DBF3-83B9-4FE1-BB7E-4E4C8DB8E3C0}.Debug|x64.Build.0 = Debug|Any CPU
		{5265DBF3-83B9-4FE1-BB7E-4E4C8DB8E3C0}.Debug|x86.ActiveCfg = Debug|Any CPU
		{5265DBF3-83B9-4FE1-BB7E-4E4C8DB8E3C0}.Debug|x86.Build.0 = Debug|Any CPU
		{5265DBF3-83B9-4FE1-BB7E-4E4C8DB8E3C0}.Release|Any CPU.ActiveCfg = Release|Any CPU
		{5265DBF3-83B9-4FE1-BB7E-4E4C8DB8E3C0}.Release|Any CPU.Build.0 = Release|Any CPU
		{5265DBF3-83B9-4FE1-BB7E-4E4C8DB8E3C0}.Release|x64.ActiveCfg = Release|Any CPU
		{5265DBF3-83B9-4FE1-BB7E-4E4C8DB8E3C0}.Release|x64.Build.0 = Release|Any CPU
		{5265DBF3-83B9-4FE1-BB7E-4E4C8DB8E3C0}.Release|x86.ActiveCfg = Release|Any CPU
		{5265DBF3-83B9-4FE1-BB7E-4E4C8DB8E3C0}.Release|x86.Build.0 = Release|Any CPU
		{14A1BA72-3E55-4CBE-9637-55E11DF6B376}.Debug|Any CPU.ActiveCfg = Debug|Any CPU
		{14A1BA72-3E55-4CBE-9637-55E11DF6B376}.Debug|Any CPU.Build.0 = Debug|Any CPU
		{14A1BA72-3E55-4CBE-9637-55E11DF6B376}.Debug|x64.ActiveCfg = Debug|Any CPU
		{14A1BA72-3E55-4CBE-9637-55E11DF6B376}.Debug|x64.Build.0 = Debug|Any CPU
		{14A1BA72-3E55-4CBE-9637-55E11DF6B376}.Debug|x86.ActiveCfg = Debug|Any CPU
		{14A1BA72-3E55-4CBE-9637-55E11DF6B376}.Debug|x86.Build.0 = Debug|Any CPU
		{14A1BA72-3E55-4CBE-9637-55E11DF6B376}.Release|Any CPU.ActiveCfg = Release|Any CPU
		{14A1BA72-3E55-4CBE-9637-55E11DF6B376}.Release|Any CPU.Build.0 = Release|Any CPU
		{14A1BA72-3E55-4CBE-9637-55E11DF6B376}.Release|x64.ActiveCfg = Release|Any CPU
		{14A1BA72-3E55-4CBE-9637-55E11DF6B376}.Release|x64.Build.0 = Release|Any CPU
		{14A1BA72-3E55-4CBE-9637-55E11DF6B376}.Release|x86.ActiveCfg = Release|Any CPU
		{14A1BA72-3E55-4CBE-9637-55E11DF6B376}.Release|x86.Build.0 = Release|Any CPU
	EndGlobalSection
	GlobalSection(SolutionProperties) = preSolution
		HideSolutionNode = FALSE
	EndGlobalSection
	GlobalSection(NestedProjects) = preSolution
		{C36326A8-968A-480B-A415-B3FC41DE394E} = {827E0CD3-B72D-47B6-A68D-7590B98EB39B}
		{E48978A1-14B5-4F2E-9D3A-9A6B3A5AB7E9} = {827E0CD3-B72D-47B6-A68D-7590B98EB39B}
		{BF2E3975-59DF-4ADE-B6DB-0FD101706DE6} = {0AB3BF05-4346-4AA6-1389-037BE0695223}
		{5ACAE31B-BEC3-4B89-B64C-E4544222A7CC} = {0AB3BF05-4346-4AA6-1389-037BE0695223}
		{5CD7730B-DB0F-457E-A628-64AA7C35F295} = {827E0CD3-B72D-47B6-A68D-7590B98EB39B}
		{01886433-4D0F-43EE-B5AD-725971A7246A} = {0AB3BF05-4346-4AA6-1389-037BE0695223}
		{FC649247-3EDA-4424-9970-C9A12B7145AA} = {827E0CD3-B72D-47B6-A68D-7590B98EB39B}
		{A4C57522-768A-4633-905E-E8639FCE3DB7} = {0AB3BF05-4346-4AA6-1389-037BE0695223}
		{2B897DC6-7EF6-4BAF-9F6B-EC461DE4202A} = {827E0CD3-B72D-47B6-A68D-7590B98EB39B}
		{B47E861C-B315-40FD-B0C6-29B7D46E8B0F} = {0AB3BF05-4346-4AA6-1389-037BE0695223}
		{A0D0CD8C-C11C-41A6-92AE-E6A24227B888} = {827E0CD3-B72D-47B6-A68D-7590B98EB39B}
		{4F40F997-2074-443F-909D-2FCB95C397EB} = {0AB3BF05-4346-4AA6-1389-037BE0695223}
		{ACE927FA-9305-4C00-86EF-4EDD15B3DC0A} = {827E0CD3-B72D-47B6-A68D-7590B98EB39B}
		{1851D6F9-09DE-449A-8496-73E38D702221} = {0AB3BF05-4346-4AA6-1389-037BE0695223}
		{C4A7AEE7-A61A-4CF5-80E9-A5F5CC1A409D} = {827E0CD3-B72D-47B6-A68D-7590B98EB39B}
		{D3FDBB21-3052-4BAF-8C9E-B5EB97D0D1C2} = {0AB3BF05-4346-4AA6-1389-037BE0695223}
		{9AD40929-F189-4449-BFD4-09781C4D2553} = {827E0CD3-B72D-47B6-A68D-7590B98EB39B}
		{4E3D1DC5-2161-4891-BF71-CEFE7D9FB7BE} = {0AB3BF05-4346-4AA6-1389-037BE0695223}
		{5265DBF3-83B9-4FE1-BB7E-4E4C8DB8E3C0} = {827E0CD3-B72D-47B6-A68D-7590B98EB39B}
		{14A1BA72-3E55-4CBE-9637-55E11DF6B376} = {0AB3BF05-4346-4AA6-1389-037BE0695223}
	EndGlobalSection
EndGlobal
